
Microsoft Visual Studio Solution File, Format Version 12.00
# Visual Studio Version 17
VisualStudioVersion = 17.0.31903.59
MinimumVisualStudioVersion = 10.0.40219.1
Project("{FAE04EC0-301F-11D3-BF4B-00C04F79EFBC}") = "InterprocessLib.BepInEx", "InterprocessLib.BepInEx\InterprocessLib.BepInEx.csproj", "{D4B316B6-5C72-BFDF-94F5-8D99AA3BDDB3}"
	ProjectSection(ProjectDependencies) = postProject
		{1774BEE3-2419-C311-9DA4-42F1CA4A83F5} = {1774BEE3-2419-C311-9DA4-42F1CA4A83F5}
	EndProjectSection
EndProject
Project("{FAE04EC0-301F-11D3-BF4B-00C04F79EFBC}") = "InterprocessLib.BepisLoader", "InterprocessLib.BepisLoader\InterprocessLib.BepisLoader.csproj", "{2BD188AD-CC1E-D615-BEE5-C3B48ADF6F69}"
	ProjectSection(ProjectDependencies) = postProject
		{AE5C3E04-176A-4F33-B13A-3D5E83BC9379} = {AE5C3E04-176A-4F33-B13A-3D5E83BC9379}
	EndProjectSection
EndProject
Project("{FAE04EC0-301F-11D3-BF4B-00C04F79EFBC}") = "InterprocessLib.BepInEx.Tests", "InterprocessLib.BepInEx.Tests\InterprocessLib.BepInEx.Tests.csproj", "{D0C50EF1-CD09-FBD2-502E-08C6C6F18C73}"
	ProjectSection(ProjectDependencies) = postProject
		{D4B316B6-5C72-BFDF-94F5-8D99AA3BDDB3} = {D4B316B6-5C72-BFDF-94F5-8D99AA3BDDB3}
	EndProjectSection
EndProject
Project("{FAE04EC0-301F-11D3-BF4B-00C04F79EFBC}") = "InterprocessLib.BepisLoader.Tests", "InterprocessLib.BepisLoader.Tests\InterprocessLib.BepisLoader.Tests.csproj", "{B1748D08-069D-E580-F642-C3E4455443D9}"
	ProjectSection(ProjectDependencies) = postProject
		{2BD188AD-CC1E-D615-BEE5-C3B48ADF6F69} = {2BD188AD-CC1E-D615-BEE5-C3B48ADF6F69}
	EndProjectSection
EndProject
Project("{FAE04EC0-301F-11D3-BF4B-00C04F79EFBC}") = "InterprocessLib.RML", "InterprocessLib.RML\InterprocessLib.RML.csproj", "{1A93CD67-C9D3-B833-12F8-1687F715D547}"
	ProjectSection(ProjectDependencies) = postProject
		{AE5C3E04-176A-4F33-B13A-3D5E83BC9379} = {AE5C3E04-176A-4F33-B13A-3D5E83BC9379}
	EndProjectSection
EndProject
Project("{FAE04EC0-301F-11D3-BF4B-00C04F79EFBC}") = "InterprocessLib.RML.Tests", "InterprocessLib.RML.Tests\InterprocessLib.RML.Tests.csproj", "{4652D03F-A2E8-0D4C-10D0-45DECD8C06F9}"
	ProjectSection(ProjectDependencies) = postProject
		{1A93CD67-C9D3-B833-12F8-1687F715D547} = {1A93CD67-C9D3-B833-12F8-1687F715D547}
	EndProjectSection
EndProject
Project("{FAE04EC0-301F-11D3-BF4B-00C04F79EFBC}") = "InterprocessLib.FrooxEngine", "InterprocessLib.FrooxEngine\InterprocessLib.FrooxEngine.csproj", "{AE5C3E04-176A-4F33-B13A-3D5E83BC9379}"
EndProject
Project("{FAE04EC0-301F-11D3-BF4B-00C04F79EFBC}") = "InterprocessLib.Unity", "InterprocessLib.Unity\InterprocessLib.Unity.csproj", "{1774BEE3-2419-C311-9DA4-42F1CA4A83F5}"
EndProject
Global
	GlobalSection(SolutionConfigurationPlatforms) = preSolution
		Debug|Any CPU = Debug|Any CPU
		Debug|x64 = Debug|x64
		Debug|x86 = Debug|x86
		Release|Any CPU = Release|Any CPU
		Release|x64 = Release|x64
		Release|x86 = Release|x86
		Tests|Any CPU = Tests|Any CPU
		Tests|x64 = Tests|x64
		Tests|x86 = Tests|x86
	EndGlobalSection
	GlobalSection(ProjectConfigurationPlatforms) = postSolution
		{D4B316B6-5C72-BFDF-94F5-8D99AA3BDDB3}.Debug|Any CPU.ActiveCfg = Debug|Any CPU
		{D4B316B6-5C72-BFDF-94F5-8D99AA3BDDB3}.Debug|Any CPU.Build.0 = Debug|Any CPU
		{D4B316B6-5C72-BFDF-94F5-8D99AA3BDDB3}.Debug|x64.ActiveCfg = Debug|Any CPU
		{D4B316B6-5C72-BFDF-94F5-8D99AA3BDDB3}.Debug|x64.Build.0 = Debug|Any CPU
		{D4B316B6-5C72-BFDF-94F5-8D99AA3BDDB3}.Debug|x86.ActiveCfg = Debug|Any CPU
		{D4B316B6-5C72-BFDF-94F5-8D99AA3BDDB3}.Debug|x86.Build.0 = Debug|Any CPU
		{D4B316B6-5C72-BFDF-94F5-8D99AA3BDDB3}.Release|Any CPU.ActiveCfg = Release|Any CPU
		{D4B316B6-5C72-BFDF-94F5-8D99AA3BDDB3}.Release|Any CPU.Build.0 = Release|Any CPU
		{D4B316B6-5C72-BFDF-94F5-8D99AA3BDDB3}.Release|x64.ActiveCfg = Release|Any CPU
		{D4B316B6-5C72-BFDF-94F5-8D99AA3BDDB3}.Release|x64.Build.0 = Release|Any CPU
		{D4B316B6-5C72-BFDF-94F5-8D99AA3BDDB3}.Release|x86.ActiveCfg = Release|Any CPU
		{D4B316B6-5C72-BFDF-94F5-8D99AA3BDDB3}.Release|x86.Build.0 = Release|Any CPU
		{D4B316B6-5C72-BFDF-94F5-8D99AA3BDDB3}.Tests|Any CPU.ActiveCfg = Tests|Any CPU
		{D4B316B6-5C72-BFDF-94F5-8D99AA3BDDB3}.Tests|Any CPU.Build.0 = Tests|Any CPU
		{D4B316B6-5C72-BFDF-94F5-8D99AA3BDDB3}.Tests|x64.ActiveCfg = Tests|Any CPU
		{D4B316B6-5C72-BFDF-94F5-8D99AA3BDDB3}.Tests|x64.Build.0 = Tests|Any CPU
		{D4B316B6-5C72-BFDF-94F5-8D99AA3BDDB3}.Tests|x86.ActiveCfg = Tests|Any CPU
		{D4B316B6-5C72-BFDF-94F5-8D99AA3BDDB3}.Tests|x86.Build.0 = Tests|Any CPU
		{2BD188AD-CC1E-D615-BEE5-C3B48ADF6F69}.Debug|Any CPU.ActiveCfg = Debug|Any CPU
		{2BD188AD-CC1E-D615-BEE5-C3B48ADF6F69}.Debug|Any CPU.Build.0 = Debug|Any CPU
		{2BD188AD-CC1E-D615-BEE5-C3B48ADF6F69}.Debug|x64.ActiveCfg = Debug|Any CPU
		{2BD188AD-CC1E-D615-BEE5-C3B48ADF6F69}.Debug|x64.Build.0 = Debug|Any CPU
		{2BD188AD-CC1E-D615-BEE5-C3B48ADF6F69}.Debug|x86.ActiveCfg = Debug|Any CPU
		{2BD188AD-CC1E-D615-BEE5-C3B48ADF6F69}.Debug|x86.Build.0 = Debug|Any CPU
		{2BD188AD-CC1E-D615-BEE5-C3B48ADF6F69}.Release|Any CPU.ActiveCfg = Release|Any CPU
		{2BD188AD-CC1E-D615-BEE5-C3B48ADF6F69}.Release|Any CPU.Build.0 = Release|Any CPU
		{2BD188AD-CC1E-D615-BEE5-C3B48ADF6F69}.Release|x64.ActiveCfg = Release|Any CPU
		{2BD188AD-CC1E-D615-BEE5-C3B48ADF6F69}.Release|x64.Build.0 = Release|Any CPU
		{2BD188AD-CC1E-D615-BEE5-C3B48ADF6F69}.Release|x86.ActiveCfg = Release|Any CPU
		{2BD188AD-CC1E-D615-BEE5-C3B48ADF6F69}.Release|x86.Build.0 = Release|Any CPU
		{2BD188AD-CC1E-D615-BEE5-C3B48ADF6F69}.Tests|Any CPU.ActiveCfg = Tests|Any CPU
		{2BD188AD-CC1E-D615-BEE5-C3B48ADF6F69}.Tests|Any CPU.Build.0 = Tests|Any CPU
		{2BD188AD-CC1E-D615-BEE5-C3B48ADF6F69}.Tests|x64.ActiveCfg = Tests|Any CPU
		{2BD188AD-CC1E-D615-BEE5-C3B48ADF6F69}.Tests|x64.Build.0 = Tests|Any CPU
		{2BD188AD-CC1E-D615-BEE5-C3B48ADF6F69}.Tests|x86.ActiveCfg = Tests|Any CPU
		{2BD188AD-CC1E-D615-BEE5-C3B48ADF6F69}.Tests|x86.Build.0 = Tests|Any CPU
		{D0C50EF1-CD09-FBD2-502E-08C6C6F18C73}.Debug|Any CPU.ActiveCfg = Debug|Any CPU
		{D0C50EF1-CD09-FBD2-502E-08C6C6F18C73}.Debug|Any CPU.Build.0 = Debug|Any CPU
		{D0C50EF1-CD09-FBD2-502E-08C6C6F18C73}.Debug|x64.ActiveCfg = Debug|Any CPU
		{D0C50EF1-CD09-FBD2-502E-08C6C6F18C73}.Debug|x64.Build.0 = Debug|Any CPU
		{D0C50EF1-CD09-FBD2-502E-08C6C6F18C73}.Debug|x86.ActiveCfg = Debug|Any CPU
		{D0C50EF1-CD09-FBD2-502E-08C6C6F18C73}.Debug|x86.Build.0 = Debug|Any CPU
		{D0C50EF1-CD09-FBD2-502E-08C6C6F18C73}.Release|Any CPU.ActiveCfg = Release|Any CPU
		{D0C50EF1-CD09-FBD2-502E-08C6C6F18C73}.Release|Any CPU.Build.0 = Release|Any CPU
		{D0C50EF1-CD09-FBD2-502E-08C6C6F18C73}.Release|x64.ActiveCfg = Release|Any CPU
		{D0C50EF1-CD09-FBD2-502E-08C6C6F18C73}.Release|x64.Build.0 = Release|Any CPU
		{D0C50EF1-CD09-FBD2-502E-08C6C6F18C73}.Release|x86.ActiveCfg = Release|Any CPU
		{D0C50EF1-CD09-FBD2-502E-08C6C6F18C73}.Release|x86.Build.0 = Release|Any CPU
		{D0C50EF1-CD09-FBD2-502E-08C6C6F18C73}.Tests|Any CPU.ActiveCfg = Tests|Any CPU
		{D0C50EF1-CD09-FBD2-502E-08C6C6F18C73}.Tests|Any CPU.Build.0 = Tests|Any CPU
		{D0C50EF1-CD09-FBD2-502E-08C6C6F18C73}.Tests|x64.ActiveCfg = Tests|Any CPU
		{D0C50EF1-CD09-FBD2-502E-08C6C6F18C73}.Tests|x64.Build.0 = Tests|Any CPU
		{D0C50EF1-CD09-FBD2-502E-08C6C6F18C73}.Tests|x86.ActiveCfg = Tests|Any CPU
		{D0C50EF1-CD09-FBD2-502E-08C6C6F18C73}.Tests|x86.Build.0 = Tests|Any CPU
		{B1748D08-069D-E580-F642-C3E4455443D9}.Debug|Any CPU.ActiveCfg = Debug|Any CPU
		{B1748D08-069D-E580-F642-C3E4455443D9}.Debug|Any CPU.Build.0 = Debug|Any CPU
		{B1748D08-069D-E580-F642-C3E4455443D9}.Debug|x64.ActiveCfg = Debug|Any CPU
		{B1748D08-069D-E580-F642-C3E4455443D9}.Debug|x64.Build.0 = Debug|Any CPU
		{B1748D08-069D-E580-F642-C3E4455443D9}.Debug|x86.ActiveCfg = Debug|Any CPU
		{B1748D08-069D-E580-F642-C3E4455443D9}.Debug|x86.Build.0 = Debug|Any CPU
		{B1748D08-069D-E580-F642-C3E4455443D9}.Release|Any CPU.ActiveCfg = Release|Any CPU
		{B1748D08-069D-E580-F642-C3E4455443D9}.Release|Any CPU.Build.0 = Release|Any CPU
		{B1748D08-069D-E580-F642-C3E4455443D9}.Release|x64.ActiveCfg = Release|Any CPU
		{B1748D08-069D-E580-F642-C3E4455443D9}.Release|x64.Build.0 = Release|Any CPU
		{B1748D08-069D-E580-F642-C3E4455443D9}.Release|x86.ActiveCfg = Release|Any CPU
		{B1748D08-069D-E580-F642-C3E4455443D9}.Release|x86.Build.0 = Release|Any CPU
		{B1748D08-069D-E580-F642-C3E4455443D9}.Tests|Any CPU.ActiveCfg = Tests|Any CPU
		{B1748D08-069D-E580-F642-C3E4455443D9}.Tests|Any CPU.Build.0 = Tests|Any CPU
		{B1748D08-069D-E580-F642-C3E4455443D9}.Tests|x64.ActiveCfg = Tests|Any CPU
		{B1748D08-069D-E580-F642-C3E4455443D9}.Tests|x64.Build.0 = Tests|Any CPU
		{B1748D08-069D-E580-F642-C3E4455443D9}.Tests|x86.ActiveCfg = Tests|Any CPU
		{B1748D08-069D-E580-F642-C3E4455443D9}.Tests|x86.Build.0 = Tests|Any CPU
		{1A93CD67-C9D3-B833-12F8-1687F715D547}.Debug|Any CPU.ActiveCfg = Debug|Any CPU
		{1A93CD67-C9D3-B833-12F8-1687F715D547}.Debug|Any CPU.Build.0 = Debug|Any CPU
		{1A93CD67-C9D3-B833-12F8-1687F715D547}.Debug|x64.ActiveCfg = Debug|Any CPU
		{1A93CD67-C9D3-B833-12F8-1687F715D547}.Debug|x64.Build.0 = Debug|Any CPU
		{1A93CD67-C9D3-B833-12F8-1687F715D547}.Debug|x86.ActiveCfg = Debug|Any CPU
		{1A93CD67-C9D3-B833-12F8-1687F715D547}.Debug|x86.Build.0 = Debug|Any CPU
		{1A93CD67-C9D3-B833-12F8-1687F715D547}.Release|Any CPU.ActiveCfg = Release|Any CPU
		{1A93CD67-C9D3-B833-12F8-1687F715D547}.Release|Any CPU.Build.0 = Release|Any CPU
		{1A93CD67-C9D3-B833-12F8-1687F715D547}.Release|x64.ActiveCfg = Release|Any CPU
		{1A93CD67-C9D3-B833-12F8-1687F715D547}.Release|x64.Build.0 = Release|Any CPU
		{1A93CD67-C9D3-B833-12F8-1687F715D547}.Release|x86.ActiveCfg = Release|Any CPU
		{1A93CD67-C9D3-B833-12F8-1687F715D547}.Release|x86.Build.0 = Release|Any CPU
		{1A93CD67-C9D3-B833-12F8-1687F715D547}.Tests|Any CPU.ActiveCfg = Tests|Any CPU
		{1A93CD67-C9D3-B833-12F8-1687F715D547}.Tests|Any CPU.Build.0 = Tests|Any CPU
		{1A93CD67-C9D3-B833-12F8-1687F715D547}.Tests|x64.ActiveCfg = Tests|Any CPU
		{1A93CD67-C9D3-B833-12F8-1687F715D547}.Tests|x64.Build.0 = Tests|Any CPU
		{1A93CD67-C9D3-B833-12F8-1687F715D547}.Tests|x86.ActiveCfg = Tests|Any CPU
		{1A93CD67-C9D3-B833-12F8-1687F715D547}.Tests|x86.Build.0 = Tests|Any CPU
		{4652D03F-A2E8-0D4C-10D0-45DECD8C06F9}.Debug|Any CPU.ActiveCfg = Debug|Any CPU
		{4652D03F-A2E8-0D4C-10D0-45DECD8C06F9}.Debug|Any CPU.Build.0 = Debug|Any CPU
		{4652D03F-A2E8-0D4C-10D0-45DECD8C06F9}.Debug|x64.ActiveCfg = Debug|Any CPU
		{4652D03F-A2E8-0D4C-10D0-45DECD8C06F9}.Debug|x64.Build.0 = Debug|Any CPU
		{4652D03F-A2E8-0D4C-10D0-45DECD8C06F9}.Debug|x86.ActiveCfg = Debug|Any CPU
		{4652D03F-A2E8-0D4C-10D0-45DECD8C06F9}.Debug|x86.Build.0 = Debug|Any CPU
		{4652D03F-A2E8-0D4C-10D0-45DECD8C06F9}.Release|Any CPU.ActiveCfg = Release|Any CPU
		{4652D03F-A2E8-0D4C-10D0-45DECD8C06F9}.Release|Any CPU.Build.0 = Release|Any CPU
		{4652D03F-A2E8-0D4C-10D0-45DECD8C06F9}.Release|x64.ActiveCfg = Release|Any CPU
		{4652D03F-A2E8-0D4C-10D0-45DECD8C06F9}.Release|x64.Build.0 = Release|Any CPU
		{4652D03F-A2E8-0D4C-10D0-45DECD8C06F9}.Release|x86.ActiveCfg = Release|Any CPU
		{4652D03F-A2E8-0D4C-10D0-45DECD8C06F9}.Release|x86.Build.0 = Release|Any CPU
		{4652D03F-A2E8-0D4C-10D0-45DECD8C06F9}.Tests|Any CPU.ActiveCfg = Tests|Any CPU
		{4652D03F-A2E8-0D4C-10D0-45DECD8C06F9}.Tests|Any CPU.Build.0 = Tests|Any CPU
		{4652D03F-A2E8-0D4C-10D0-45DECD8C06F9}.Tests|x64.ActiveCfg = Tests|Any CPU
		{4652D03F-A2E8-0D4C-10D0-45DECD8C06F9}.Tests|x64.Build.0 = Tests|Any CPU
		{4652D03F-A2E8-0D4C-10D0-45DECD8C06F9}.Tests|x86.ActiveCfg = Tests|Any CPU
		{4652D03F-A2E8-0D4C-10D0-45DECD8C06F9}.Tests|x86.Build.0 = Tests|Any CPU
		{AE5C3E04-176A-4F33-B13A-3D5E83BC9379}.Debug|Any CPU.ActiveCfg = Debug|Any CPU
		{AE5C3E04-176A-4F33-B13A-3D5E83BC9379}.Debug|Any CPU.Build.0 = Debug|Any CPU
		{AE5C3E04-176A-4F33-B13A-3D5E83BC9379}.Debug|x64.ActiveCfg = Debug|Any CPU
		{AE5C3E04-176A-4F33-B13A-3D5E83BC9379}.Debug|x64.Build.0 = Debug|Any CPU
		{AE5C3E04-176A-4F33-B13A-3D5E83BC9379}.Debug|x86.ActiveCfg = Debug|Any CPU
		{AE5C3E04-176A-4F33-B13A-3D5E83BC9379}.Debug|x86.Build.0 = Debug|Any CPU
		{AE5C3E04-176A-4F33-B13A-3D5E83BC9379}.Release|Any CPU.ActiveCfg = Release|Any CPU
		{AE5C3E04-176A-4F33-B13A-3D5E83BC9379}.Release|Any CPU.Build.0 = Release|Any CPU
		{AE5C3E04-176A-4F33-B13A-3D5E83BC9379}.Release|x64.ActiveCfg = Release|Any CPU
		{AE5C3E04-176A-4F33-B13A-3D5E83BC9379}.Release|x64.Build.0 = Release|Any CPU
		{AE5C3E04-176A-4F33-B13A-3D5E83BC9379}.Release|x86.ActiveCfg = Release|Any CPU
		{AE5C3E04-176A-4F33-B13A-3D5E83BC9379}.Release|x86.Build.0 = Release|Any CPU
		{AE5C3E04-176A-4F33-B13A-3D5E83BC9379}.Tests|Any CPU.ActiveCfg = Tests|Any CPU
		{AE5C3E04-176A-4F33-B13A-3D5E83BC9379}.Tests|Any CPU.Build.0 = Tests|Any CPU
		{AE5C3E04-176A-4F33-B13A-3D5E83BC9379}.Tests|x64.ActiveCfg = Tests|Any CPU
		{AE5C3E04-176A-4F33-B13A-3D5E83BC9379}.Tests|x64.Build.0 = Tests|Any CPU
		{AE5C3E04-176A-4F33-B13A-3D5E83BC9379}.Tests|x86.ActiveCfg = Tests|Any CPU
		{AE5C3E04-176A-4F33-B13A-3D5E83BC9379}.Tests|x86.Build.0 = Tests|Any CPU
		{1774BEE3-2419-C311-9DA4-42F1CA4A83F5}.Debug|Any CPU.ActiveCfg = Debug|Any CPU
		{1774BEE3-2419-C311-9DA4-42F1CA4A83F5}.Debug|Any CPU.Build.0 = Debug|Any CPU
		{1774BEE3-2419-C311-9DA4-42F1CA4A83F5}.Debug|x64.ActiveCfg = Debug|Any CPU
		{1774BEE3-2419-C311-9DA4-42F1CA4A83F5}.Debug|x64.Build.0 = Debug|Any CPU
		{1774BEE3-2419-C311-9DA4-42F1CA4A83F5}.Debug|x86.ActiveCfg = Debug|Any CPU
		{1774BEE3-2419-C311-9DA4-42F1CA4A83F5}.Debug|x86.Build.0 = Debug|Any CPU
		{1774BEE3-2419-C311-9DA4-42F1CA4A83F5}.Release|Any CPU.ActiveCfg = Release|Any CPU
		{1774BEE3-2419-C311-9DA4-42F1CA4A83F5}.Release|Any CPU.Build.0 = Release|Any CPU
		{1774BEE3-2419-C311-9DA4-42F1CA4A83F5}.Release|x64.ActiveCfg = Release|Any CPU
		{1774BEE3-2419-C311-9DA4-42F1CA4A83F5}.Release|x64.Build.0 = Release|Any CPU
		{1774BEE3-2419-C311-9DA4-42F1CA4A83F5}.Release|x86.ActiveCfg = Release|Any CPU
		{1774BEE3-2419-C311-9DA4-42F1CA4A83F5}.Release|x86.Build.0 = Release|Any CPU
		{1774BEE3-2419-C311-9DA4-42F1CA4A83F5}.Tests|Any CPU.ActiveCfg = Tests|Any CPU
		{1774BEE3-2419-C311-9DA4-42F1CA4A83F5}.Tests|Any CPU.Build.0 = Tests|Any CPU
		{1774BEE3-2419-C311-9DA4-42F1CA4A83F5}.Tests|x64.ActiveCfg = Tests|Any CPU
		{1774BEE3-2419-C311-9DA4-42F1CA4A83F5}.Tests|x64.Build.0 = Tests|Any CPU
		{1774BEE3-2419-C311-9DA4-42F1CA4A83F5}.Tests|x86.ActiveCfg = Tests|Any CPU
		{1774BEE3-2419-C311-9DA4-42F1CA4A83F5}.Tests|x86.Build.0 = Tests|Any CPU
	EndGlobalSection
	GlobalSection(SolutionProperties) = preSolution
		HideSolutionNode = FALSE
	EndGlobalSection
	GlobalSection(ExtensibilityGlobals) = postSolution
		SolutionGuid = {B512A2C4-BDEE-469F-9FBA-5A8B2BC50B08}
	EndGlobalSection
EndGlobal
